
Microsoft Visual Studio Solution File, Format Version 12.00
# Visual Studio Version 16
VisualStudioVersion = 16.0.30413.136
MinimumVisualStudioVersion = 10.0.40219.1
Project("{9A19103F-16F7-4668-BE54-9A1E7A4F7556}") = "NullVoid_Server", "NullVoid_Server\NullVoid_Server.csproj", "{8A77BB8F-D4E3-48F7-BA61-135D171B7F86}"
EndProject
Project("{9A19103F-16F7-4668-BE54-9A1E7A4F7556}") = "NullVoid_Lib", "NullVoid_Lib\NullVoid_Lib.csproj", "{DFC7370D-9F4B-484F-9721-471FC5A03DB8}"
EndProject
Project("{9A19103F-16F7-4668-BE54-9A1E7A4F7556}") = "NullVoid_Tests", "NullVoid_Tests\NullVoid_Tests.csproj", "{C6812A45-70A9-4918-820F-10F4DE829693}"
EndProject
Global
	GlobalSection(SolutionConfigurationPlatforms) = preSolution
		Debug|Any CPU = Debug|Any CPU
		Release|Any CPU = Release|Any CPU
	EndGlobalSection
	GlobalSection(ProjectConfigurationPlatforms) = postSolution
		{8A77BB8F-D4E3-48F7-BA61-135D171B7F86}.Debug|Any CPU.ActiveCfg = Debug|Any CPU
		{8A77BB8F-D4E3-48F7-BA61-135D171B7F86}.Debug|Any CPU.Build.0 = Debug|Any CPU
		{8A77BB8F-D4E3-48F7-BA61-135D171B7F86}.Release|Any CPU.ActiveCfg = Release|Any CPU
		{8A77BB8F-D4E3-48F7-BA61-135D171B7F86}.Release|Any CPU.Build.0 = Release|Any CPU
		{DFC7370D-9F4B-484F-9721-471FC5A03DB8}.Debug|Any CPU.ActiveCfg = Debug|Any CPU
		{DFC7370D-9F4B-484F-9721-471FC5A03DB8}.Debug|Any CPU.Build.0 = Debug|Any CPU
		{DFC7370D-9F4B-484F-9721-471FC5A03DB8}.Release|Any CPU.ActiveCfg = Release|Any CPU
		{DFC7370D-9F4B-484F-9721-471FC5A03DB8}.Release|Any CPU.Build.0 = Release|Any CPU
		{C6812A45-70A9-4918-820F-10F4DE829693}.Debug|Any CPU.ActiveCfg = Debug|Any CPU
		{C6812A45-70A9-4918-820F-10F4DE829693}.Debug|Any CPU.Build.0 = Debug|Any CPU
		{C6812A45-70A9-4918-820F-10F4DE829693}.Release|Any CPU.ActiveCfg = Release|Any CPU
		{C6812A45-70A9-4918-820F-10F4DE829693}.Release|Any CPU.Build.0 = Release|Any CPU
	EndGlobalSection
	GlobalSection(SolutionProperties) = preSolution
		HideSolutionNode = FALSE
	EndGlobalSection
	GlobalSection(ExtensibilityGlobals) = postSolution
		SolutionGuid = {EDCA79B8-392E-428C-B108-3882B5DB85D2}
	EndGlobalSection
EndGlobal
